
Microsoft Visual Studio Solution File, Format Version 12.00
# Visual Studio 15
VisualStudioVersion = 15.0.28307.572
MinimumVisualStudioVersion = 10.0.40219.1
Project("{FAE04EC0-301F-11D3-BF4B-00C04F79EFBC}") = "BindToMsSqlDatabaseFileExample", "BindToMsSqlDatabaseFileExample\BindToMsSqlDatabaseFileExample.csproj", "{8D4A1FD7-7A8A-47BE-8159-33202F705415}"
EndProject
Global
	GlobalSection(SolutionConfigurationPlatforms) = preSolution
		Debug|Any CPU = Debug|Any CPU
		Release|Any CPU = Release|Any CPU
	EndGlobalSection
	GlobalSection(ProjectConfigurationPlatforms) = postSolution
		{8D4A1FD7-7A8A-47BE-8159-33202F705415}.Debug|Any CPU.ActiveCfg = Debug|Any CPU
		{8D4A1FD7-7A8A-47BE-8159-33202F705415}.Debug|Any CPU.Build.0 = Debug|Any CPU
		{8D4A1FD7-7A8A-47BE-8159-33202F705415}.Release|Any CPU.ActiveCfg = Release|Any CPU
		{8D4A1FD7-7A8A-47BE-8159-33202F705415}.Release|Any CPU.Build.0 = Release|Any CPU
	EndGlobalSection
	GlobalSection(SolutionProperties) = preSolution
		HideSolutionNode = FALSE
	EndGlobalSection
	GlobalSection(ExtensibilityGlobals) = postSolution
		SolutionGuid = {4A73A938-BC83-4E6B-829E-8A2F89D78E8D}
	EndGlobalSection
EndGlobal
